
Microsoft Visual Studio Solution File, Format Version 12.00
# Visual Studio Version 17
VisualStudioVersion = 17.10.35027.167
MinimumVisualStudioVersion = 10.0.40219.1
Project("{FAE04EC0-301F-11D3-BF4B-00C04F79EFBC}") = "C#_UserInput_Operators_Math_StringManipulation_Booleans", "C#_UserInput_Operators_Math_StringManipulation_Booleans\C#_UserInput_Operators_Math_StringManipulation_Booleans.csproj", "{7445EC6E-7453-4D17-A50C-E6D8BB70B898}"
EndProject
Global
	GlobalSection(SolutionConfigurationPlatforms) = preSolution
		Debug|Any CPU = Debug|Any CPU
		Release|Any CPU = Release|Any CPU
	EndGlobalSection
	GlobalSection(ProjectConfigurationPlatforms) = postSolution
		{7445EC6E-7453-4D17-A50C-E6D8BB70B898}.Debug|Any CPU.ActiveCfg = Debug|Any CPU
		{7445EC6E-7453-4D17-A50C-E6D8BB70B898}.Debug|Any CPU.Build.0 = Debug|Any CPU
		{7445EC6E-7453-4D17-A50C-E6D8BB70B898}.Release|Any CPU.ActiveCfg = Release|Any CPU
		{7445EC6E-7453-4D17-A50C-E6D8BB70B898}.Release|Any CPU.Build.0 = Release|Any CPU
	EndGlobalSection
	GlobalSection(SolutionProperties) = preSolution
		HideSolutionNode = FALSE
	EndGlobalSection
	GlobalSection(ExtensibilityGlobals) = postSolution
		SolutionGuid = {1FCE4B06-1666-435B-A9FA-D7E9BC3D004F}
	EndGlobalSection
EndGlobal
